// !$*UTF8*$!
{
	archiveVersion = 1;
	classes = {
	};
	objectVersion = 46;
	objects = {

/* Begin PBXBuildFile section */
		4336961C190E37CE00165434 /* Foundation.framework in Frameworks */ = {isa = PBXBuildFile; fileRef = 4336961B190E37CE00165434 /* Foundation.framework */; };
		4336961E190E37CE00165434 /* CoreGraphics.framework in Frameworks */ = {isa = PBXBuildFile; fileRef = 4336961D190E37CE00165434 /* CoreGraphics.framework */; };
		43369620190E37CE00165434 /* UIKit.framework in Frameworks */ = {isa = PBXBuildFile; fileRef = 4336961F190E37CE00165434 /* UIKit.framework */; };
		43369622190E37CE00165434 /* CoreData.framework in Frameworks */ = {isa = PBXBuildFile; fileRef = 43369621190E37CE00165434 /* CoreData.framework */; };
		43369628190E37CE00165434 /* InfoPlist.strings in Resources */ = {isa = PBXBuildFile; fileRef = 43369626190E37CE00165434 /* InfoPlist.strings */; };
		4336962A190E37CE00165434 /* main.m in Sources */ = {isa = PBXBuildFile; fileRef = 43369629190E37CE00165434 /* main.m */; };
		4336962E190E37CE00165434 /* BTAppDelegate.m in Sources */ = {isa = PBXBuildFile; fileRef = 4336962D190E37CE00165434 /* BTAppDelegate.m */; };
		43369631190E37CE00165434 /* RestTest.xcdatamodeld in Sources */ = {isa = PBXBuildFile; fileRef = 4336962F190E37CE00165434 /* RestTest.xcdatamodeld */; };
		43369633190E37CE00165434 /* Images.xcassets in Resources */ = {isa = PBXBuildFile; fileRef = 43369632190E37CE00165434 /* Images.xcassets */; };
		4336963A190E37CE00165434 /* XCTest.framework in Frameworks */ = {isa = PBXBuildFile; fileRef = 43369639190E37CE00165434 /* XCTest.framework */; };
		4336963B190E37CE00165434 /* Foundation.framework in Frameworks */ = {isa = PBXBuildFile; fileRef = 4336961B190E37CE00165434 /* Foundation.framework */; };
		4336963C190E37CE00165434 /* UIKit.framework in Frameworks */ = {isa = PBXBuildFile; fileRef = 4336961F190E37CE00165434 /* UIKit.framework */; };
		4336963D190E37CE00165434 /* CoreData.framework in Frameworks */ = {isa = PBXBuildFile; fileRef = 43369621190E37CE00165434 /* CoreData.framework */; };
		43369645190E37CE00165434 /* InfoPlist.strings in Resources */ = {isa = PBXBuildFile; fileRef = 43369643190E37CE00165434 /* InfoPlist.strings */; };
		43369647190E37CE00165434 /* RestTestTests.m in Sources */ = {isa = PBXBuildFile; fileRef = 43369646190E37CE00165434 /* RestTestTests.m */; };
/* End PBXBuildFile section */

/* Begin PBXContainerItemProxy section */
		4336963E190E37CE00165434 /* PBXContainerItemProxy */ = {
			isa = PBXContainerItemProxy;
			containerPortal = 43369610190E37CE00165434 /* Project object */;
			proxyType = 1;
			remoteGlobalIDString = 43369617190E37CE00165434;
			remoteInfo = RestTest;
		};
/* End PBXContainerItemProxy section */

/* Begin PBXFileReference section */
		43369618190E37CE00165434 /* RestTest.app */ = {isa = PBXFileReference; explicitFileType = wrapper.application; includeInIndex = 0; path = RestTest.app; sourceTree = BUILT_PRODUCTS_DIR; };
		4336961B190E37CE00165434 /* Foundation.framework */ = {isa = PBXFileReference; lastKnownFileType = wrapper.framework; name = Foundation.framework; path = System/Library/Frameworks/Foundation.framework; sourceTree = SDKROOT; };
		4336961D190E37CE00165434 /* CoreGraphics.framework */ = {isa = PBXFileReference; lastKnownFileType = wrapper.framework; name = CoreGraphics.framework; path = System/Library/Frameworks/CoreGraphics.framework; sourceTree = SDKROOT; };
		4336961F190E37CE00165434 /* UIKit.framework */ = {isa = PBXFileReference; lastKnownFileType = wrapper.framework; name = UIKit.framework; path = System/Library/Frameworks/UIKit.framework; sourceTree = SDKROOT; };
		43369621190E37CE00165434 /* CoreData.framework */ = {isa = PBXFileReference; lastKnownFileType = wrapper.framework; name = CoreData.framework; path = System/Library/Frameworks/CoreData.framework; sourceTree = SDKROOT; };
		43369625190E37CE00165434 /* RestTest-Info.plist */ = {isa = PBXFileReference; lastKnownFileType = text.plist.xml; path = "RestTest-Info.plist"; sourceTree = "<group>"; };
		43369627190E37CE00165434 /* en */ = {isa = PBXFileReference; lastKnownFileType = text.plist.strings; name = en; path = en.lproj/InfoPlist.strings; sourceTree = "<group>"; };
		43369629190E37CE00165434 /* main.m */ = {isa = PBXFileReference; lastKnownFileType = sourcecode.c.objc; path = main.m; sourceTree = "<group>"; };
		4336962B190E37CE00165434 /* RestTest-Prefix.pch */ = {isa = PBXFileReference; lastKnownFileType = sourcecode.c.h; path = "RestTest-Prefix.pch"; sourceTree = "<group>"; };
		4336962C190E37CE00165434 /* BTAppDelegate.h */ = {isa = PBXFileReference; lastKnownFileType = sourcecode.c.h; path = BTAppDelegate.h; sourceTree = "<group>"; };
		4336962D190E37CE00165434 /* BTAppDelegate.m */ = {isa = PBXFileReference; lastKnownFileType = sourcecode.c.objc; path = BTAppDelegate.m; sourceTree = "<group>"; };
		43369630190E37CE00165434 /* RestTest.xcdatamodel */ = {isa = PBXFileReference; lastKnownFileType = wrapper.xcdatamodel; path = RestTest.xcdatamodel; sourceTree = "<group>"; };
		43369632190E37CE00165434 /* Images.xcassets */ = {isa = PBXFileReference; lastKnownFileType = folder.assetcatalog; path = Images.xcassets; sourceTree = "<group>"; };
		43369638190E37CE00165434 /* RestTestTests.xctest */ = {isa = PBXFileReference; explicitFileType = wrapper.cfbundle; includeInIndex = 0; path = RestTestTests.xctest; sourceTree = BUILT_PRODUCTS_DIR; };
		43369639190E37CE00165434 /* XCTest.framework */ = {isa = PBXFileReference; lastKnownFileType = wrapper.framework; name = XCTest.framework; path = Library/Frameworks/XCTest.framework; sourceTree = DEVELOPER_DIR; };
		43369642190E37CE00165434 /* RestTestTests-Info.plist */ = {isa = PBXFileReference; lastKnownFileType = text.plist.xml; path = "RestTestTests-Info.plist"; sourceTree = "<group>"; };
		43369644190E37CE00165434 /* en */ = {isa = PBXFileReference; lastKnownFileType = text.plist.strings; name = en; path = en.lproj/InfoPlist.strings; sourceTree = "<group>"; };
		43369646190E37CE00165434 /* RestTestTests.m */ = {isa = PBXFileReference; lastKnownFileType = sourcecode.c.objc; path = RestTestTests.m; sourceTree = "<group>"; };
/* End PBXFileReference section */

/* Begin PBXFrameworksBuildPhase section */
		43369615190E37CE00165434 /* Frameworks */ = {
			isa = PBXFrameworksBuildPhase;
			buildActionMask = 2147483647;
			files = (
				4336961E190E37CE00165434 /* CoreGraphics.framework in Frameworks */,
				43369622190E37CE00165434 /* CoreData.framework in Frameworks */,
				43369620190E37CE00165434 /* UIKit.framework in Frameworks */,
				4336961C190E37CE00165434 /* Foundation.framework in Frameworks */,
			);
			runOnlyForDeploymentPostprocessing = 0;
		};
		43369635190E37CE00165434 /* Frameworks */ = {
			isa = PBXFrameworksBuildPhase;
			buildActionMask = 2147483647;
			files = (
				4336963A190E37CE00165434 /* XCTest.framework in Frameworks */,
				4336963D190E37CE00165434 /* CoreData.framework in Frameworks */,
				4336963C190E37CE00165434 /* UIKit.framework in Frameworks */,
				4336963B190E37CE00165434 /* Foundation.framework in Frameworks */,
			);
			runOnlyForDeploymentPostprocessing = 0;
		};
/* End PBXFrameworksBuildPhase section */

/* Begin PBXGroup section */
		4336960F190E37CE00165434 = {
			isa = PBXGroup;
			children = (
				43369623190E37CE00165434 /* RestTest */,
				43369640190E37CE00165434 /* RestTestTests */,
				4336961A190E37CE00165434 /* Frameworks */,
				43369619190E37CE00165434 /* Products */,
			);
			sourceTree = "<group>";
		};
		43369619190E37CE00165434 /* Products */ = {
			isa = PBXGroup;
			children = (
				43369618190E37CE00165434 /* RestTest.app */,
				43369638190E37CE00165434 /* RestTestTests.xctest */,
			);
			name = Products;
			sourceTree = "<group>";
		};
		4336961A190E37CE00165434 /* Frameworks */ = {
			isa = PBXGroup;
			children = (
				4336961B190E37CE00165434 /* Foundation.framework */,
				4336961D190E37CE00165434 /* CoreGraphics.framework */,
				4336961F190E37CE00165434 /* UIKit.framework */,
				43369621190E37CE00165434 /* CoreData.framework */,
				43369639190E37CE00165434 /* XCTest.framework */,
			);
			name = Frameworks;
			sourceTree = "<group>";
		};
		43369623190E37CE00165434 /* RestTest */ = {
			isa = PBXGroup;
			children = (
				4336962C190E37CE00165434 /* BTAppDelegate.h */,
				4336962D190E37CE00165434 /* BTAppDelegate.m */,
				43369632190E37CE00165434 /* Images.xcassets */,
				4336962F190E37CE00165434 /* RestTest.xcdatamodeld */,
				43369624190E37CE00165434 /* Supporting Files */,
			);
			path = RestTest;
			sourceTree = "<group>";
		};
		43369624190E37CE00165434 /* Supporting Files */ = {
			isa = PBXGroup;
			children = (
				43369625190E37CE00165434 /* RestTest-Info.plist */,
				43369626190E37CE00165434 /* InfoPlist.strings */,
				43369629190E37CE00165434 /* main.m */,
				4336962B190E37CE00165434 /* RestTest-Prefix.pch */,
			);
			name = "Supporting Files";
			sourceTree = "<group>";
		};
		43369640190E37CE00165434 /* RestTestTests */ = {
			isa = PBXGroup;
			children = (
				43369646190E37CE00165434 /* RestTestTests.m */,
				43369641190E37CE00165434 /* Supporting Files */,
			);
			path = RestTestTests;
			sourceTree = "<group>";
		};
		43369641190E37CE00165434 /* Supporting Files */ = {
			isa = PBXGroup;
			children = (
				43369642190E37CE00165434 /* RestTestTests-Info.plist */,
				43369643190E37CE00165434 /* InfoPlist.strings */,
			);
			name = "Supporting Files";
			sourceTree = "<group>";
		};
/* End PBXGroup section */

/* Begin PBXNativeTarget section */
		43369617190E37CE00165434 /* RestTest */ = {
			isa = PBXNativeTarget;
			buildConfigurationList = 4336964A190E37CE00165434 /* Build configuration list for PBXNativeTarget "RestTest" */;
			buildPhases = (
				43369614190E37CE00165434 /* Sources */,
				43369615190E37CE00165434 /* Frameworks */,
				43369616190E37CE00165434 /* Resources */,
			);
			buildRules = (
			);
			dependencies = (
			);
			name = RestTest;
			productName = RestTest;
			productReference = 43369618190E37CE00165434 /* RestTest.app */;
			productType = "com.apple.product-type.application";
		};
		43369637190E37CE00165434 /* RestTestTests */ = {
			isa = PBXNativeTarget;
			buildConfigurationList = 4336964D190E37CE00165434 /* Build configuration list for PBXNativeTarget "RestTestTests" */;
			buildPhases = (
				43369634190E37CE00165434 /* Sources */,
				43369635190E37CE00165434 /* Frameworks */,
				43369636190E37CE00165434 /* Resources */,
			);
			buildRules = (
			);
			dependencies = (
				4336963F190E37CE00165434 /* PBXTargetDependency */,
			);
			name = RestTestTests;
			productName = RestTestTests;
			productReference = 43369638190E37CE00165434 /* RestTestTests.xctest */;
			productType = "com.apple.product-type.bundle.unit-test";
		};
/* End PBXNativeTarget section */

/* Begin PBXProject section */
		43369610190E37CE00165434 /* Project object */ = {
			isa = PBXProject;
			attributes = {
				CLASSPREFIX = BT;
				LastUpgradeCheck = 0510;
				ORGANIZATIONNAME = "Bogdan Tudosie";
				TargetAttributes = {
					43369637190E37CE00165434 = {
						TestTargetID = 43369617190E37CE00165434;
					};
				};
			};
			buildConfigurationList = 43369613190E37CE00165434 /* Build configuration list for PBXProject "RestTest" */;
			compatibilityVersion = "Xcode 3.2";
			developmentRegion = English;
			hasScannedForEncodings = 0;
			knownRegions = (
				en,
			);
			mainGroup = 4336960F190E37CE00165434;
			productRefGroup = 43369619190E37CE00165434 /* Products */;
			projectDirPath = "";
			projectRoot = "";
			targets = (
				43369617190E37CE00165434 /* RestTest */,
				43369637190E37CE00165434 /* RestTestTests */,
			);
		};
/* End PBXProject section */

/* Begin PBXResourcesBuildPhase section */
		43369616190E37CE00165434 /* Resources */ = {
			isa = PBXResourcesBuildPhase;
			buildActionMask = 2147483647;
			files = (
				43369628190E37CE00165434 /* InfoPlist.strings in Resources */,
				43369633190E37CE00165434 /* Images.xcassets in Resources */,
			);
			runOnlyForDeploymentPostprocessing = 0;
		};
		43369636190E37CE00165434 /* Resources */ = {
			isa = PBXResourcesBuildPhase;
			buildActionMask = 2147483647;
			files = (
				43369645190E37CE00165434 /* InfoPlist.strings in Resources */,
			);
			runOnlyForDeploymentPostprocessing = 0;
		};
/* End PBXResourcesBuildPhase section */

/* Begin PBXSourcesBuildPhase section */
		43369614190E37CE00165434 /* Sources */ = {
			isa = PBXSourcesBuildPhase;
			buildActionMask = 2147483647;
			files = (
				43369631190E37CE00165434 /* RestTest.xcdatamodeld in Sources */,
				4336962E190E37CE00165434 /* BTAppDelegate.m in Sources */,
				4336962A190E37CE00165434 /* main.m in Sources */,
			);
			runOnlyForDeploymentPostprocessing = 0;
		};
		43369634190E37CE00165434 /* Sources */ = {
			isa = PBXSourcesBuildPhase;
			buildActionMask = 2147483647;
			files = (
				43369647190E37CE00165434 /* RestTestTests.m in Sources */,
			);
			runOnlyForDeploymentPostprocessing = 0;
		};
/* End PBXSourcesBuildPhase section */

/* Begin PBXTargetDependency section */
		4336963F190E37CE00165434 /* PBXTargetDependency */ = {
			isa = PBXTargetDependency;
			target = 43369617190E37CE00165434 /* RestTest */;
			targetProxy = 4336963E190E37CE00165434 /* PBXContainerItemProxy */;
		};
/* End PBXTargetDependency section */

/* Begin PBXVariantGroup section */
		43369626190E37CE00165434 /* InfoPlist.strings */ = {
			isa = PBXVariantGroup;
			children = (
				43369627190E37CE00165434 /* en */,
			);
			name = InfoPlist.strings;
			sourceTree = "<group>";
		};
		43369643190E37CE00165434 /* InfoPlist.strings */ = {
			isa = PBXVariantGroup;
			children = (
				43369644190E37CE00165434 /* en */,
			);
			name = InfoPlist.strings;
			sourceTree = "<group>";
		};
/* End PBXVariantGroup section */

/* Begin XCBuildConfiguration section */
		43369648190E37CE00165434 /* Debug */ = {
			isa = XCBuildConfiguration;
			buildSettings = {
				ALWAYS_SEARCH_USER_PATHS = NO;
				CLANG_CXX_LANGUAGE_STANDARD = "gnu++0x";
				CLANG_CXX_LIBRARY = "libc++";
				CLANG_ENABLE_MODULES = YES;
				CLANG_ENABLE_OBJC_ARC = YES;
				CLANG_WARN_BOOL_CONVERSION = YES;
				CLANG_WARN_CONSTANT_CONVERSION = YES;
				CLANG_WARN_DIRECT_OBJC_ISA_USAGE = YES_ERROR;
				CLANG_WARN_EMPTY_BODY = YES;
				CLANG_WARN_ENUM_CONVERSION = YES;
				CLANG_WARN_INT_CONVERSION = YES;
				CLANG_WARN_OBJC_ROOT_CLASS = YES_ERROR;
				CLANG_WARN__DUPLICATE_METHOD_MATCH = YES;
				"CODE_SIGN_IDENTITY[sdk=iphoneos*]" = "iPhone Developer";
				COPY_PHASE_STRIP = NO;
				GCC_C_LANGUAGE_STANDARD = gnu99;
				GCC_DYNAMIC_NO_PIC = NO;
				GCC_OPTIMIZATION_LEVEL = 0;
				GCC_PREPROCESSOR_DEFINITIONS = (
					"DEBUG=1",
					"$(inherited)",
				);
				GCC_SYMBOLS_PRIVATE_EXTERN = NO;
				GCC_WARN_64_TO_32_BIT_CONVERSION = YES;
				GCC_WARN_ABOUT_RETURN_TYPE = YES_ERROR;
				GCC_WARN_UNDECLARED_SELECTOR = YES;
				GCC_WARN_UNINITIALIZED_AUTOS = YES_AGGRESSIVE;
				GCC_WARN_UNUSED_FUNCTION = YES;
				GCC_WARN_UNUSED_VARIABLE = YES;
				IPHONEOS_DEPLOYMENT_TARGET = 7.1;
				ONLY_ACTIVE_ARCH = YES;
				SDKROOT = iphoneos;
			};
			name = Debug;
		};
		43369649190E37CE00165434 /* Release */ = {
			isa = XCBuildConfiguration;
			buildSettings = {
				ALWAYS_SEARCH_USER_PATHS = NO;
				CLANG_CXX_LANGUAGE_STANDARD = "gnu++0x";
				CLANG_CXX_LIBRARY = "libc++";
				CLANG_ENABLE_MODULES = YES;
				CLANG_ENABLE_OBJC_ARC = YES;
				CLANG_WARN_BOOL_CONVERSION = YES;
				CLANG_WARN_CONSTANT_CONVERSION = YES;
				CLANG_WARN_DIRECT_OBJC_ISA_USAGE = YES_ERROR;
				CLANG_WARN_EMPTY_BODY = YES;
				CLANG_WARN_ENUM_CONVERSION = YES;
				CLANG_WARN_INT_CONVERSION = YES;
				CLANG_WARN_OBJC_ROOT_CLASS = YES_ERROR;
				CLANG_WARN__DUPLICATE_METHOD_MATCH = YES;
				"CODE_SIGN_IDENTITY[sdk=iphoneos*]" = "iPhone Developer";
				COPY_PHASE_STRIP = YES;
				ENABLE_NS_ASSERTIONS = NO;
				GCC_C_LANGUAGE_STANDARD = gnu99;
				GCC_WARN_64_TO_32_BIT_CONVERSION = YES;
				GCC_WARN_ABOUT_RETURN_TYPE = YES_ERROR;
				GCC_WARN_UNDECLARED_SELECTOR = YES;
				GCC_WARN_UNINITIALIZED_AUTOS = YES_AGGRESSIVE;
				GCC_WARN_UNUSED_FUNCTION = YES;
				GCC_WARN_UNUSED_VARIABLE = YES;
				IPHONEOS_DEPLOYMENT_TARGET = 7.1;
				SDKROOT = iphoneos;
				VALIDATE_PRODUCT = YES;
			};
			name = Release;
		};
		4336964B190E37CE00165434 /* Debug */ = {
			isa = XCBuildConfiguration;
			buildSettings = {
				ASSETCATALOG_COMPILER_APPICON_NAME = AppIcon;
				ASSETCATALOG_COMPILER_LAUNCHIMAGE_NAME = LaunchImage;
				GCC_PRECOMPILE_PREFIX_HEADER = YES;
				GCC_PREFIX_HEADER = "RestTest/RestTest-Prefix.pch";
				INFOPLIST_FILE = "RestTest/RestTest-Info.plist";
				PRODUCT_NAME = "$(TARGET_NAME)";
				WRAPPER_EXTENSION = app;
			};
			name = Debug;
		};
		4336964C190E37CE00165434 /* Release */ = {
			isa = XCBuildConfiguration;
			buildSettings = {
				ASSETCATALOG_COMPILER_APPICON_NAME = AppIcon;
				ASSETCATALOG_COMPILER_LAUNCHIMAGE_NAME = LaunchImage;
				GCC_PRECOMPILE_PREFIX_HEADER = YES;
				GCC_PREFIX_HEADER = "RestTest/RestTest-Prefix.pch";
				INFOPLIST_FILE = "RestTest/RestTest-Info.plist";
				PRODUCT_NAME = "$(TARGET_NAME)";
				WRAPPER_EXTENSION = app;
			};
			name = Release;
		};
		4336964E190E37CE00165434 /* Debug */ = {
			isa = XCBuildConfiguration;
			buildSettings = {
				BUNDLE_LOADER = "$(BUILT_PRODUCTS_DIR)/RestTest.app/RestTest";
				FRAMEWORK_SEARCH_PATHS = (
					"$(SDKROOT)/Developer/Library/Frameworks",
					"$(inherited)",
					"$(DEVELOPER_FRAMEWORKS_DIR)",
				);
				GCC_PRECOMPILE_PREFIX_HEADER = YES;
				GCC_PREFIX_HEADER = "RestTest/RestTest-Prefix.pch";
				GCC_PREPROCESSOR_DEFINITIONS = (
					"DEBUG=1",
					"$(inherited)",
				);
				INFOPLIST_FILE = "RestTestTests/RestTestTests-Info.plist";
				PRODUCT_NAME = "$(TARGET_NAME)";
				TEST_HOST = "$(BUNDLE_LOADER)";
				WRAPPER_EXTENSION = xctest;
			};
			name = Debug;
		};
		4336964F190E37CE00165434 /* Release */ = {
			isa = XCBuildConfiguration;
			buildSettings = {
				BUNDLE_LOADER = "$(BUILT_PRODUCTS_DIR)/RestTest.app/RestTest";
				FRAMEWORK_SEARCH_PATHS = (
					"$(SDKROOT)/Developer/Library/Frameworks",
					"$(inherited)",
					"$(DEVELOPER_FRAMEWORKS_DIR)",
				);
				GCC_PRECOMPILE_PREFIX_HEADER = YES;
				GCC_PREFIX_HEADER = "RestTest/RestTest-Prefix.pch";
				INFOPLIST_FILE = "RestTestTests/RestTestTests-Info.plist";
				PRODUCT_NAME = "$(TARGET_NAME)";
				TEST_HOST = "$(BUNDLE_LOADER)";
				WRAPPER_EXTENSION = xctest;
			};
			name = Release;
		};
/* End XCBuildConfiguration section */

/* Begin XCConfigurationList section */
		43369613190E37CE00165434 /* Build configuration list for PBXProject "RestTest" */ = {
			isa = XCConfigurationList;
			buildConfigurations = (
				43369648190E37CE00165434 /* Debug */,
				43369649190E37CE00165434 /* Release */,
			);
			defaultConfigurationIsVisible = 0;
			defaultConfigurationName = Release;
		};
		4336964A190E37CE00165434 /* Build configuration list for PBXNativeTarget "RestTest" */ = {
			isa = XCConfigurationList;
			buildConfigurations = (
				4336964B190E37CE00165434 /* Debug */,
				4336964C190E37CE00165434 /* Release */,
			);
			defaultConfigurationIsVisible = 0;
		};
		4336964D190E37CE00165434 /* Build configuration list for PBXNativeTarget "RestTestTests" */ = {
			isa = XCConfigurationList;
			buildConfigurations = (
				4336964E190E37CE00165434 /* Debug */,
				4336964F190E37CE00165434 /* Release */,
			);
			defaultConfigurationIsVisible = 0;
		};
/* End XCConfigurationList section */

/* Begin XCVersionGroup section */
		4336962F190E37CE00165434 /* RestTest.xcdatamodeld */ = {
			isa = XCVersionGroup;
			children = (
				43369630190E37CE00165434 /* RestTest.xcdatamodel */,
			);
			currentVersion = 43369630190E37CE00165434 /* RestTest.xcdatamodel */;
			path = RestTest.xcdatamodeld;
			sourceTree = "<group>";
			versionGroupType = wrapper.xcdatamodel;
		};
/* End XCVersionGroup section */
	};
	rootObject = 43369610190E37CE00165434 /* Project object */;
}
